
Microsoft Visual Studio Solution File, Format Version 12.00
# Visual Studio Version 17
VisualStudioVersion = 17.11.35327.3
MinimumVisualStudioVersion = 10.0.40219.1
Project("{FAE04EC0-301F-11D3-BF4B-00C04F79EFBC}") = "HonourSaver", "HonourSaver\HonourSaver.csproj", "{9EB6AABD-92CA-4466-AD06-C3DC43801A48}"
EndProject
Global
	GlobalSection(SolutionConfigurationPlatforms) = preSolution
		Debug|Any CPU = Debug|Any CPU
		Release|Any CPU = Release|Any CPU
	EndGlobalSection
	GlobalSection(ProjectConfigurationPlatforms) = postSolution
		{9EB6AABD-92CA-4466-AD06-C3DC43801A48}.Debug|Any CPU.ActiveCfg = Debug|Any CPU
		{9EB6AABD-92CA-4466-AD06-C3DC43801A48}.Debug|Any CPU.Build.0 = Debug|Any CPU
		{9EB6AABD-92CA-4466-AD06-C3DC43801A48}.Release|Any CPU.ActiveCfg = Release|Any CPU
		{9EB6AABD-92CA-4466-AD06-C3DC43801A48}.Release|Any CPU.Build.0 = Release|Any CPU
	EndGlobalSection
	GlobalSection(SolutionProperties) = preSolution
		HideSolutionNode = FALSE
	EndGlobalSection
	GlobalSection(ExtensibilityGlobals) = postSolution
		SolutionGuid = {EA619864-7376-4F97-8EAF-A9AB5762CFFC}
	EndGlobalSection
EndGlobal
